
Microsoft Visual Studio Solution File, Format Version 12.00
# Visual Studio Version 17
VisualStudioVersion = 17.1.32319.34
MinimumVisualStudioVersion = 10.0.40219.1
Project("{FAE04EC0-301F-11D3-BF4B-00C04F79EFBC}") = "starwars", "starwars\starwars.csproj", "{852A1885-A257-4DD7-8973-38594F10D3EE}"
EndProject
Global
	GlobalSection(SolutionConfigurationPlatforms) = preSolution
		Debug|Any CPU = Debug|Any CPU
		Release|Any CPU = Release|Any CPU
	EndGlobalSection
	GlobalSection(ProjectConfigurationPlatforms) = postSolution
		{852A1885-A257-4DD7-8973-38594F10D3EE}.Debug|Any CPU.ActiveCfg = Debug|Any CPU
		{852A1885-A257-4DD7-8973-38594F10D3EE}.Debug|Any CPU.Build.0 = Debug|Any CPU
		{852A1885-A257-4DD7-8973-38594F10D3EE}.Release|Any CPU.ActiveCfg = Release|Any CPU
		{852A1885-A257-4DD7-8973-38594F10D3EE}.Release|Any CPU.Build.0 = Release|Any CPU
	EndGlobalSection
	GlobalSection(SolutionProperties) = preSolution
		HideSolutionNode = FALSE
	EndGlobalSection
	GlobalSection(ExtensibilityGlobals) = postSolution
		SolutionGuid = {4FF9186A-D042-46CF-A4FC-E1330FFDB1BE}
	EndGlobalSection
EndGlobal
